
Microsoft Visual Studio Solution File, Format Version 12.00
# Visual Studio Version 16
VisualStudioVersion = 16.0.29728.190
MinimumVisualStudioVersion = 10.0.40219.1
Project("{9A19103F-16F7-4668-BE54-9A1E7A4F7556}") = "KinderGardenApp", "KinderGardenApp\KinderGardenApp.csproj", "{4BB29F06-160E-48C8-8FAB-30CD0ADA5353}"
EndProject
Project("{9A19103F-16F7-4668-BE54-9A1E7A4F7556}") = "KinderGarden.Data", "KinderGarden.Data\KinderGarden.Data.csproj", "{08CF5AE5-430C-45C9-B08A-31894FE2BB7A}"
EndProject
Project("{9A19103F-16F7-4668-BE54-9A1E7A4F7556}") = "KinderGarden.Core", "KinderGarden.Core\KinderGarden.Core.csproj", "{765A75A9-8B72-4205-8F92-9D02D17DC5D2}"
EndProject
Global
	GlobalSection(SolutionConfigurationPlatforms) = preSolution
		Debug|Any CPU = Debug|Any CPU
		Release|Any CPU = Release|Any CPU
	EndGlobalSection
	GlobalSection(ProjectConfigurationPlatforms) = postSolution
		{4BB29F06-160E-48C8-8FAB-30CD0ADA5353}.Debug|Any CPU.ActiveCfg = Debug|Any CPU
		{4BB29F06-160E-48C8-8FAB-30CD0ADA5353}.Debug|Any CPU.Build.0 = Debug|Any CPU
		{4BB29F06-160E-48C8-8FAB-30CD0ADA5353}.Release|Any CPU.ActiveCfg = Release|Any CPU
		{4BB29F06-160E-48C8-8FAB-30CD0ADA5353}.Release|Any CPU.Build.0 = Release|Any CPU
		{08CF5AE5-430C-45C9-B08A-31894FE2BB7A}.Debug|Any CPU.ActiveCfg = Debug|Any CPU
		{08CF5AE5-430C-45C9-B08A-31894FE2BB7A}.Debug|Any CPU.Build.0 = Debug|Any CPU
		{08CF5AE5-430C-45C9-B08A-31894FE2BB7A}.Release|Any CPU.ActiveCfg = Release|Any CPU
		{08CF5AE5-430C-45C9-B08A-31894FE2BB7A}.Release|Any CPU.Build.0 = Release|Any CPU
		{765A75A9-8B72-4205-8F92-9D02D17DC5D2}.Debug|Any CPU.ActiveCfg = Debug|Any CPU
		{765A75A9-8B72-4205-8F92-9D02D17DC5D2}.Debug|Any CPU.Build.0 = Debug|Any CPU
		{765A75A9-8B72-4205-8F92-9D02D17DC5D2}.Release|Any CPU.ActiveCfg = Release|Any CPU
		{765A75A9-8B72-4205-8F92-9D02D17DC5D2}.Release|Any CPU.Build.0 = Release|Any CPU
	EndGlobalSection
	GlobalSection(SolutionProperties) = preSolution
		HideSolutionNode = FALSE
	EndGlobalSection
	GlobalSection(ExtensibilityGlobals) = postSolution
		SolutionGuid = {A822AFAC-106B-4CB5-99B8-011FC173C47E}
	EndGlobalSection
EndGlobal
